{
  "name": "xmtoolbox-quick-start",
  "version": "1.0.4",
  "lockfileVersion": 2,
  "requires": true,
  "packages": {
    "": {
      "name": "xmtoolbox-quick-start",
      "version": "1.0.4",
      "license": "MIT",
      "dependencies": {
        "xmtoolbox": "^1.1.2"
      }
    },
    "node_modules/xmtoolbox": {
      "version": "1.2.22",
      "resolved": "https://registry.npmjs.org/xmtoolbox/-/xmtoolbox-1.2.22.tgz",
      "integrity": "sha512-N0zf3/aKZEF3duAimFrijfwxGazDeE7jX+5SbdfUoGurmGfKcgCPCkGRm+b+/GhrCI1Zj2TFJZ//+MGmpaXIgw==",
      "bin": {
        "create-xmpw": "create-xmpw.js"
      }
    }
  },
  "dependencies": {
    "xmtoolbox": {
      "version": "1.2.22",
      "resolved": "https://registry.npmjs.org/xmtoolbox/-/xmtoolbox-1.2.22.tgz",
      "integrity": "sha512-N0zf3/aKZEF3duAimFrijfwxGazDeE7jX+5SbdfUoGurmGfKcgCPCkGRm+b+/GhrCI1Zj2TFJZ//+MGmpaXIgw=="
    }
  }
}
